{
  "name": "hushfm",
  "lockfileVersion": 3,
  "requires": true,
  "packages": {
    "": {
      "devDependencies": {
        "@effect/language-service": "^0.62.1"
      }
    },
    "node_modules/@effect/language-service": {
      "version": "0.62.1",
      "resolved": "https://registry.npmjs.org/@effect/language-service/-/language-service-0.62.1.tgz",
      "integrity": "sha512-K78mPtNpHqArLTXpYNASoqiqYUmPASrdnntSBVInMYmI39hyLkmTqk78bclzkfsIvJZBBS4vvsuWx7Etmz8rkA==",
      "dev": true,
      "license": "MIT",
      "bin": {
        "effect-language-service": "cli.js"
      }
    }
  }
}
